
Microsoft Visual Studio Solution File, Format Version 12.00
# Visual Studio Version 17
VisualStudioVersion = 17.5.33627.172
MinimumVisualStudioVersion = 10.0.40219.1
Project("{9A19103F-16F7-4668-BE54-9A1E7A4F7556}") = "IOTHubBlazor.Server", "Server\IOTHubBlazor.Server.csproj", "{59F938A3-DF58-4955-A9A6-A591D122DA6F}"
EndProject
Project("{9A19103F-16F7-4668-BE54-9A1E7A4F7556}") = "IOTHubBlazor.Client", "Client\IOTHubBlazor.Client.csproj", "{11F8315A-72A8-4D21-B012-0B3C67B00682}"
EndProject
Project("{9A19103F-16F7-4668-BE54-9A1E7A4F7556}") = "IOTHubBlazor.Shared", "Shared\IOTHubBlazor.Shared.csproj", "{4918AEE6-739C-4CA9-AE96-6A64647D2F99}"
EndProject
Project("{FAE04EC0-301F-11D3-BF4B-00C04F79EFBC}") = "IOTHubBlazor.DAL", "IOTHubBlazor.DAL\IOTHubBlazor.DAL.csproj", "{CC3E58E5-B85F-4CA1-AD03-C5831E839383}"
EndProject
Global
	GlobalSection(SolutionConfigurationPlatforms) = preSolution
		Debug|Any CPU = Debug|Any CPU
		Release|Any CPU = Release|Any CPU
	EndGlobalSection
	GlobalSection(ProjectConfigurationPlatforms) = postSolution
		{59F938A3-DF58-4955-A9A6-A591D122DA6F}.Debug|Any CPU.ActiveCfg = Debug|Any CPU
		{59F938A3-DF58-4955-A9A6-A591D122DA6F}.Debug|Any CPU.Build.0 = Debug|Any CPU
		{59F938A3-DF58-4955-A9A6-A591D122DA6F}.Release|Any CPU.ActiveCfg = Release|Any CPU
		{59F938A3-DF58-4955-A9A6-A591D122DA6F}.Release|Any CPU.Build.0 = Release|Any CPU
		{11F8315A-72A8-4D21-B012-0B3C67B00682}.Debug|Any CPU.ActiveCfg = Debug|Any CPU
		{11F8315A-72A8-4D21-B012-0B3C67B00682}.Debug|Any CPU.Build.0 = Debug|Any CPU
		{11F8315A-72A8-4D21-B012-0B3C67B00682}.Release|Any CPU.ActiveCfg = Release|Any CPU
		{11F8315A-72A8-4D21-B012-0B3C67B00682}.Release|Any CPU.Build.0 = Release|Any CPU
		{4918AEE6-739C-4CA9-AE96-6A64647D2F99}.Debug|Any CPU.ActiveCfg = Debug|Any CPU
		{4918AEE6-739C-4CA9-AE96-6A64647D2F99}.Debug|Any CPU.Build.0 = Debug|Any CPU
		{4918AEE6-739C-4CA9-AE96-6A64647D2F99}.Release|Any CPU.ActiveCfg = Release|Any CPU
		{4918AEE6-739C-4CA9-AE96-6A64647D2F99}.Release|Any CPU.Build.0 = Release|Any CPU
		{CC3E58E5-B85F-4CA1-AD03-C5831E839383}.Debug|Any CPU.ActiveCfg = Debug|Any CPU
		{CC3E58E5-B85F-4CA1-AD03-C5831E839383}.Debug|Any CPU.Build.0 = Debug|Any CPU
		{CC3E58E5-B85F-4CA1-AD03-C5831E839383}.Release|Any CPU.ActiveCfg = Release|Any CPU
		{CC3E58E5-B85F-4CA1-AD03-C5831E839383}.Release|Any CPU.Build.0 = Release|Any CPU
	EndGlobalSection
	GlobalSection(SolutionProperties) = preSolution
		HideSolutionNode = FALSE
	EndGlobalSection
	GlobalSection(ExtensibilityGlobals) = postSolution
		SolutionGuid = {947F2C46-AD1E-42A7-9EB6-08B98010F679}
	EndGlobalSection
EndGlobal
